// !$*UTF8*$!
{
	archiveVersion = 1;
	classes = {
	};
	objectVersion = 48;
	objects = {

/* Begin PBXBuildFile section */
		3BCB508446AA5DF033A1BFB8 /* Pods_MyTodoey.framework in Frameworks */ = {isa = PBXBuildFile; fileRef = 1D0F8D94BFC927A1513E47C1 /* Pods_MyTodoey.framework */; };
		841FA257200E252D00642BDD /* AppDelegate.swift in Sources */ = {isa = PBXBuildFile; fileRef = 841FA256200E252D00642BDD /* AppDelegate.swift */; };
		841FA259200E252D00642BDD /* TodolListViewController.swift in Sources */ = {isa = PBXBuildFile; fileRef = 841FA258200E252D00642BDD /* TodolListViewController.swift */; };
		841FA25C200E252D00642BDD /* Main.storyboard in Resources */ = {isa = PBXBuildFile; fileRef = 841FA25A200E252D00642BDD /* Main.storyboard */; };
		841FA25E200E252D00642BDD /* Assets.xcassets in Resources */ = {isa = PBXBuildFile; fileRef = 841FA25D200E252D00642BDD /* Assets.xcassets */; };
		841FA261200E252D00642BDD /* LaunchScreen.storyboard in Resources */ = {isa = PBXBuildFile; fileRef = 841FA25F200E252D00642BDD /* LaunchScreen.storyboard */; };
		8466311B20139C3B002AB001 /* DataModel.xcdatamodeld in Sources */ = {isa = PBXBuildFile; fileRef = 8466311920139C3B002AB001 /* DataModel.xcdatamodeld */; };
		8466311D2014C148002AB001 /* CategoryTableViewController.swift in Sources */ = {isa = PBXBuildFile; fileRef = 8466311C2014C148002AB001 /* CategoryTableViewController.swift */; };
/* End PBXBuildFile section */

/* Begin PBXFileReference section */
		1D0F8D94BFC927A1513E47C1 /* Pods_MyTodoey.framework */ = {isa = PBXFileReference; explicitFileType = wrapper.framework; includeInIndex = 0; path = Pods_MyTodoey.framework; sourceTree = BUILT_PRODUCTS_DIR; };
		841FA253200E252D00642BDD /* MyTodoey.app */ = {isa = PBXFileReference; explicitFileType = wrapper.application; includeInIndex = 0; path = MyTodoey.app; sourceTree = BUILT_PRODUCTS_DIR; };
		841FA256200E252D00642BDD /* AppDelegate.swift */ = {isa = PBXFileReference; lastKnownFileType = sourcecode.swift; path = AppDelegate.swift; sourceTree = "<group>"; };
		841FA258200E252D00642BDD /* TodolListViewController.swift */ = {isa = PBXFileReference; lastKnownFileType = sourcecode.swift; path = TodolListViewController.swift; sourceTree = "<group>"; };
		841FA25B200E252D00642BDD /* Base */ = {isa = PBXFileReference; lastKnownFileType = file.storyboard; name = Base; path = Base.lproj/Main.storyboard; sourceTree = "<group>"; };
		841FA25D200E252D00642BDD /* Assets.xcassets */ = {isa = PBXFileReference; lastKnownFileType = folder.assetcatalog; path = Assets.xcassets; sourceTree = "<group>"; };
		841FA260200E252D00642BDD /* Base */ = {isa = PBXFileReference; lastKnownFileType = file.storyboard; name = Base; path = Base.lproj/LaunchScreen.storyboard; sourceTree = "<group>"; };
		841FA262200E252D00642BDD /* Info.plist */ = {isa = PBXFileReference; lastKnownFileType = text.plist.xml; path = Info.plist; sourceTree = "<group>"; };
		8466311A20139C3B002AB001 /* DataModel.xcdatamodel */ = {isa = PBXFileReference; lastKnownFileType = wrapper.xcdatamodel; path = DataModel.xcdatamodel; sourceTree = "<group>"; };
		8466311C2014C148002AB001 /* CategoryTableViewController.swift */ = {isa = PBXFileReference; lastKnownFileType = sourcecode.swift; path = CategoryTableViewController.swift; sourceTree = "<group>"; };
		D83B834BBE28C97E27FACAD5 /* Pods-MyTodoey.release.xcconfig */ = {isa = PBXFileReference; includeInIndex = 1; lastKnownFileType = text.xcconfig; name = "Pods-MyTodoey.release.xcconfig"; path = "Pods/Target Support Files/Pods-MyTodoey/Pods-MyTodoey.release.xcconfig"; sourceTree = "<group>"; };
		EFA7BABE78915DDDFA915CFB /* Pods-MyTodoey.debug.xcconfig */ = {isa = PBXFileReference; includeInIndex = 1; lastKnownFileType = text.xcconfig; name = "Pods-MyTodoey.debug.xcconfig"; path = "Pods/Target Support Files/Pods-MyTodoey/Pods-MyTodoey.debug.xcconfig"; sourceTree = "<group>"; };
/* End PBXFileReference section */

/* Begin PBXFrameworksBuildPhase section */
		841FA250200E252D00642BDD /* Frameworks */ = {
			isa = PBXFrameworksBuildPhase;
			buildActionMask = 2147483647;
			files = (
				3BCB508446AA5DF033A1BFB8 /* Pods_MyTodoey.framework in Frameworks */,
			);
			runOnlyForDeploymentPostprocessing = 0;
		};
/* End PBXFrameworksBuildPhase section */

/* Begin PBXGroup section */
		708446FAE50808CAFC39EBA9 /* Frameworks */ = {
			isa = PBXGroup;
			children = (
				1D0F8D94BFC927A1513E47C1 /* Pods_MyTodoey.framework */,
			);
			name = Frameworks;
			sourceTree = "<group>";
		};
		841FA24A200E252D00642BDD = {
			isa = PBXGroup;
			children = (
				841FA255200E252D00642BDD /* MyTodoey */,
				841FA254200E252D00642BDD /* Products */,
				D740D59A82CE0963B8B495CE /* Pods */,
				708446FAE50808CAFC39EBA9 /* Frameworks */,
			);
			sourceTree = "<group>";
		};
		841FA254200E252D00642BDD /* Products */ = {
			isa = PBXGroup;
			children = (
				841FA253200E252D00642BDD /* MyTodoey.app */,
			);
			name = Products;
			sourceTree = "<group>";
		};
		841FA255200E252D00642BDD /* MyTodoey */ = {
			isa = PBXGroup;
			children = (
				841FA256200E252D00642BDD /* AppDelegate.swift */,
				842DDBCF200F7A6F00C7FE81 /* DataModel */,
				842DDBD3200F7B0B00C7FE81 /* Controllers */,
				842DDBD4200F7B3F00C7FE81 /* Views */,
				842DDBD5200F7B6000C7FE81 /* Supporting Files */,
				841FA262200E252D00642BDD /* Info.plist */,
			);
			path = MyTodoey;
			sourceTree = "<group>";
		};
		842DDBCF200F7A6F00C7FE81 /* DataModel */ = {
			isa = PBXGroup;
			children = (
				8466311920139C3B002AB001 /* DataModel.xcdatamodeld */,
			);
			name = DataModel;
			path = "New Group";
			sourceTree = "<group>";
		};
		842DDBD3200F7B0B00C7FE81 /* Controllers */ = {
			isa = PBXGroup;
			children = (
				8466311C2014C148002AB001 /* CategoryTableViewController.swift */,
				841FA258200E252D00642BDD /* TodolListViewController.swift */,
			);
			path = Controllers;
			sourceTree = "<group>";
		};
		842DDBD4200F7B3F00C7FE81 /* Views */ = {
			isa = PBXGroup;
			children = (
				841FA25A200E252D00642BDD /* Main.storyboard */,
			);
			path = Views;
			sourceTree = "<group>";
		};
		842DDBD5200F7B6000C7FE81 /* Supporting Files */ = {
			isa = PBXGroup;
			children = (
				841FA25D200E252D00642BDD /* Assets.xcassets */,
				841FA25F200E252D00642BDD /* LaunchScreen.storyboard */,
			);
			path = "Supporting Files";
			sourceTree = "<group>";
		};
		D740D59A82CE0963B8B495CE /* Pods */ = {
			isa = PBXGroup;
			children = (
				EFA7BABE78915DDDFA915CFB /* Pods-MyTodoey.debug.xcconfig */,
				D83B834BBE28C97E27FACAD5 /* Pods-MyTodoey.release.xcconfig */,
			);
			name = Pods;
			sourceTree = "<group>";
		};
/* End PBXGroup section */

/* Begin PBXNativeTarget section */
		841FA252200E252D00642BDD /* MyTodoey */ = {
			isa = PBXNativeTarget;
			buildConfigurationList = 841FA265200E252D00642BDD /* Build configuration list for PBXNativeTarget "MyTodoey" */;
			buildPhases = (
				4667AB92E1EF761F3DBE55C7 /* [CP] Check Pods Manifest.lock */,
				841FA24F200E252D00642BDD /* Sources */,
				841FA250200E252D00642BDD /* Frameworks */,
				841FA251200E252D00642BDD /* Resources */,
				94EA81E90E3159A2247E599F /* [CP] Embed Pods Frameworks */,
				5DAE2F02E5619C46E607E6E1 /* [CP] Copy Pods Resources */,
			);
			buildRules = (
			);
			dependencies = (
			);
			name = MyTodoey;
			productName = MyTodoey;
			productReference = 841FA253200E252D00642BDD /* MyTodoey.app */;
			productType = "com.apple.product-type.application";
		};
/* End PBXNativeTarget section */

/* Begin PBXProject section */
		841FA24B200E252D00642BDD /* Project object */ = {
			isa = PBXProject;
			attributes = {
				LastSwiftUpdateCheck = 0920;
				LastUpgradeCheck = 0920;
				ORGANIZATIONNAME = "Рома Сорока";
				TargetAttributes = {
					841FA252200E252D00642BDD = {
						CreatedOnToolsVersion = 9.2;
						ProvisioningStyle = Automatic;
					};
				};
			};
			buildConfigurationList = 841FA24E200E252D00642BDD /* Build configuration list for PBXProject "MyTodoey" */;
			compatibilityVersion = "Xcode 8.0";
			developmentRegion = en;
			hasScannedForEncodings = 0;
			knownRegions = (
				en,
				Base,
			);
			mainGroup = 841FA24A200E252D00642BDD;
			productRefGroup = 841FA254200E252D00642BDD /* Products */;
			projectDirPath = "";
			projectRoot = "";
			targets = (
				841FA252200E252D00642BDD /* MyTodoey */,
			);
		};
/* End PBXProject section */

/* Begin PBXResourcesBuildPhase section */
		841FA251200E252D00642BDD /* Resources */ = {
			isa = PBXResourcesBuildPhase;
			buildActionMask = 2147483647;
			files = (
				841FA261200E252D00642BDD /* LaunchScreen.storyboard in Resources */,
				841FA25E200E252D00642BDD /* Assets.xcassets in Resources */,
				841FA25C200E252D00642BDD /* Main.storyboard in Resources */,
			);
			runOnlyForDeploymentPostprocessing = 0;
		};
/* End PBXResourcesBuildPhase section */

/* Begin PBXShellScriptBuildPhase section */
		4667AB92E1EF761F3DBE55C7 /* [CP] Check Pods Manifest.lock */ = {
			isa = PBXShellScriptBuildPhase;
			buildActionMask = 2147483647;
			files = (
			);
			inputPaths = (
				"${PODS_PODFILE_DIR_PATH}/Podfile.lock",
				"${PODS_ROOT}/Manifest.lock",
			);
			name = "[CP] Check Pods Manifest.lock";
			outputPaths = (
				"$(DERIVED_FILE_DIR)/Pods-MyTodoey-checkManifestLockResult.txt",
			);
			runOnlyForDeploymentPostprocessing = 0;
			shellPath = /bin/sh;
			shellScript = "diff \"${PODS_PODFILE_DIR_PATH}/Podfile.lock\" \"${PODS_ROOT}/Manifest.lock\" > /dev/null\nif [ $? != 0 ] ; then\n    # print error to STDERR\n    echo \"error: The sandbox is not in sync with the Podfile.lock. Run 'pod install' or update your CocoaPods installation.\" >&2\n    exit 1\nfi\n# This output is used by Xcode 'outputs' to avoid re-running this script phase.\necho \"SUCCESS\" > \"${SCRIPT_OUTPUT_FILE_0}\"\n";
			showEnvVarsInLog = 0;
		};
		5DAE2F02E5619C46E607E6E1 /* [CP] Copy Pods Resources */ = {
			isa = PBXShellScriptBuildPhase;
			buildActionMask = 2147483647;
			files = (
			);
			inputPaths = (
			);
			name = "[CP] Copy Pods Resources";
			outputPaths = (
			);
			runOnlyForDeploymentPostprocessing = 0;
			shellPath = /bin/sh;
			shellScript = "\"${SRCROOT}/Pods/Target Support Files/Pods-MyTodoey/Pods-MyTodoey-resources.sh\"\n";
			showEnvVarsInLog = 0;
		};
		94EA81E90E3159A2247E599F /* [CP] Embed Pods Frameworks */ = {
			isa = PBXShellScriptBuildPhase;
			buildActionMask = 2147483647;
			files = (
			);
			inputPaths = (
				"${SRCROOT}/Pods/Target Support Files/Pods-MyTodoey/Pods-MyTodoey-frameworks.sh",
				"${BUILT_PRODUCTS_DIR}/Realm/Realm.framework",
				"${BUILT_PRODUCTS_DIR}/RealmSwift/RealmSwift.framework",
			);
			name = "[CP] Embed Pods Frameworks";
			outputPaths = (
				"${TARGET_BUILD_DIR}/${FRAMEWORKS_FOLDER_PATH}/Realm.framework",
				"${TARGET_BUILD_DIR}/${FRAMEWORKS_FOLDER_PATH}/RealmSwift.framework",
			);
			runOnlyForDeploymentPostprocessing = 0;
			shellPath = /bin/sh;
			shellScript = "\"${SRCROOT}/Pods/Target Support Files/Pods-MyTodoey/Pods-MyTodoey-frameworks.sh\"\n";
			showEnvVarsInLog = 0;
		};
/* End PBXShellScriptBuildPhase section */

/* Begin PBXSourcesBuildPhase section */
		841FA24F200E252D00642BDD /* Sources */ = {
			isa = PBXSourcesBuildPhase;
			buildActionMask = 2147483647;
			files = (
				8466311B20139C3B002AB001 /* DataModel.xcdatamodeld in Sources */,
				841FA259200E252D00642BDD /* TodolListViewController.swift in Sources */,
				841FA257200E252D00642BDD /* AppDelegate.swift in Sources */,
				8466311D2014C148002AB001 /* CategoryTableViewController.swift in Sources */,
			);
			runOnlyForDeploymentPostprocessing = 0;
		};
/* End PBXSourcesBuildPhase section */

/* Begin PBXVariantGroup section */
		841FA25A200E252D00642BDD /* Main.storyboard */ = {
			isa = PBXVariantGroup;
			children = (
				841FA25B200E252D00642BDD /* Base */,
			);
			name = Main.storyboard;
			sourceTree = "<group>";
		};
		841FA25F200E252D00642BDD /* LaunchScreen.storyboard */ = {
			isa = PBXVariantGroup;
			children = (
				841FA260200E252D00642BDD /* Base */,
			);
			name = LaunchScreen.storyboard;
			sourceTree = "<group>";
		};
/* End PBXVariantGroup section */

/* Begin XCBuildConfiguration section */
		841FA263200E252D00642BDD /* Debug */ = {
			isa = XCBuildConfiguration;
			buildSettings = {
				ALWAYS_SEARCH_USER_PATHS = NO;
				CLANG_ANALYZER_NONNULL = YES;
				CLANG_ANALYZER_NUMBER_OBJECT_CONVERSION = YES_AGGRESSIVE;
				CLANG_CXX_LANGUAGE_STANDARD = "gnu++14";
				CLANG_CXX_LIBRARY = "libc++";
				CLANG_ENABLE_MODULES = YES;
				CLANG_ENABLE_OBJC_ARC = YES;
				CLANG_WARN_BLOCK_CAPTURE_AUTORELEASING = YES;
				CLANG_WARN_BOOL_CONVERSION = YES;
				CLANG_WARN_COMMA = YES;
				CLANG_WARN_CONSTANT_CONVERSION = YES;
				CLANG_WARN_DIRECT_OBJC_ISA_USAGE = YES_ERROR;
				CLANG_WARN_DOCUMENTATION_COMMENTS = YES;
				CLANG_WARN_EMPTY_BODY = YES;
				CLANG_WARN_ENUM_CONVERSION = YES;
				CLANG_WARN_INFINITE_RECURSION = YES;
				CLANG_WARN_INT_CONVERSION = YES;
				CLANG_WARN_NON_LITERAL_NULL_CONVERSION = YES;
				CLANG_WARN_OBJC_LITERAL_CONVERSION = YES;
				CLANG_WARN_OBJC_ROOT_CLASS = YES_ERROR;
				CLANG_WARN_RANGE_LOOP_ANALYSIS = YES;
				CLANG_WARN_STRICT_PROTOTYPES = YES;
				CLANG_WARN_SUSPICIOUS_MOVE = YES;
				CLANG_WARN_UNGUARDED_AVAILABILITY = YES_AGGRESSIVE;
				CLANG_WARN_UNREACHABLE_CODE = YES;
				CLANG_WARN__DUPLICATE_METHOD_MATCH = YES;
				CODE_SIGN_IDENTITY = "iPhone Developer";
				COPY_PHASE_STRIP = NO;
				DEBUG_INFORMATION_FORMAT = dwarf;
				ENABLE_STRICT_OBJC_MSGSEND = YES;
				ENABLE_TESTABILITY = YES;
				GCC_C_LANGUAGE_STANDARD = gnu11;
				GCC_DYNAMIC_NO_PIC = NO;
				GCC_NO_COMMON_BLOCKS = YES;
				GCC_OPTIMIZATION_LEVEL = 0;
				GCC_PREPROCESSOR_DEFINITIONS = (
					"DEBUG=1",
					"$(inherited)",
				);
				GCC_WARN_64_TO_32_BIT_CONVERSION = YES;
				GCC_WARN_ABOUT_RETURN_TYPE = YES_ERROR;
				GCC_WARN_UNDECLARED_SELECTOR = YES;
				GCC_WARN_UNINITIALIZED_AUTOS = YES_AGGRESSIVE;
				GCC_WARN_UNUSED_FUNCTION = YES;
				GCC_WARN_UNUSED_VARIABLE = YES;
				IPHONEOS_DEPLOYMENT_TARGET = 11.2;
				MTL_ENABLE_DEBUG_INFO = YES;
				ONLY_ACTIVE_ARCH = YES;
				SDKROOT = iphoneos;
				SWIFT_ACTIVE_COMPILATION_CONDITIONS = DEBUG;
				SWIFT_OPTIMIZATION_LEVEL = "-Onone";
			};
			name = Debug;
		};
		841FA264200E252D00642BDD /* Release */ = {
			isa = XCBuildConfiguration;
			buildSettings = {
				ALWAYS_SEARCH_USER_PATHS = NO;
				CLANG_ANALYZER_NONNULL = YES;
				CLANG_ANALYZER_NUMBER_OBJECT_CONVERSION = YES_AGGRESSIVE;
				CLANG_CXX_LANGUAGE_STANDARD = "gnu++14";
				CLANG_CXX_LIBRARY = "libc++";
				CLANG_ENABLE_MODULES = YES;
				CLANG_ENABLE_OBJC_ARC = YES;
				CLANG_WARN_BLOCK_CAPTURE_AUTORELEASING = YES;
				CLANG_WARN_BOOL_CONVERSION = YES;
				CLANG_WARN_COMMA = YES;
				CLANG_WARN_CONSTANT_CONVERSION = YES;
				CLANG_WARN_DIRECT_OBJC_ISA_USAGE = YES_ERROR;
				CLANG_WARN_DOCUMENTATION_COMMENTS = YES;
				CLANG_WARN_EMPTY_BODY = YES;
				CLANG_WARN_ENUM_CONVERSION = YES;
				CLANG_WARN_INFINITE_RECURSION = YES;
				CLANG_WARN_INT_CONVERSION = YES;
				CLANG_WARN_NON_LITERAL_NULL_CONVERSION = YES;
				CLANG_WARN_OBJC_LITERAL_CONVERSION = YES;
				CLANG_WARN_OBJC_ROOT_CLASS = YES_ERROR;
				CLANG_WARN_RANGE_LOOP_ANALYSIS = YES;
				CLANG_WARN_STRICT_PROTOTYPES = YES;
				CLANG_WARN_SUSPICIOUS_MOVE = YES;
				CLANG_WARN_UNGUARDED_AVAILABILITY = YES_AGGRESSIVE;
				CLANG_WARN_UNREACHABLE_CODE = YES;
				CLANG_WARN__DUPLICATE_METHOD_MATCH = YES;
				CODE_SIGN_IDENTITY = "iPhone Developer";
				COPY_PHASE_STRIP = NO;
				DEBUG_INFORMATION_FORMAT = "dwarf-with-dsym";
				ENABLE_NS_ASSERTIONS = NO;
				ENABLE_STRICT_OBJC_MSGSEND = YES;
				GCC_C_LANGUAGE_STANDARD = gnu11;
				GCC_NO_COMMON_BLOCKS = YES;
				GCC_WARN_64_TO_32_BIT_CONVERSION = YES;
				GCC_WARN_ABOUT_RETURN_TYPE = YES_ERROR;
				GCC_WARN_UNDECLARED_SELECTOR = YES;
				GCC_WARN_UNINITIALIZED_AUTOS = YES_AGGRESSIVE;
				GCC_WARN_UNUSED_FUNCTION = YES;
				GCC_WARN_UNUSED_VARIABLE = YES;
				IPHONEOS_DEPLOYMENT_TARGET = 11.2;
				MTL_ENABLE_DEBUG_INFO = NO;
				SDKROOT = iphoneos;
				SWIFT_OPTIMIZATION_LEVEL = "-Owholemodule";
				VALIDATE_PRODUCT = YES;
			};
			name = Release;
		};
		841FA266200E252D00642BDD /* Debug */ = {
			isa = XCBuildConfiguration;
			baseConfigurationReference = EFA7BABE78915DDDFA915CFB /* Pods-MyTodoey.debug.xcconfig */;
			buildSettings = {
				ASSETCATALOG_COMPILER_APPICON_NAME = AppIcon;
				CODE_SIGN_STYLE = Automatic;
				INFOPLIST_FILE = MyTodoey/Info.plist;
				LD_RUNPATH_SEARCH_PATHS = "$(inherited) @executable_path/Frameworks";
				PRODUCT_BUNDLE_IDENTIFIER = com.enokonot.MyTodoey;
				PRODUCT_NAME = "$(TARGET_NAME)";
				SWIFT_VERSION = 4.0;
				TARGETED_DEVICE_FAMILY = "1,2";
			};
			name = Debug;
		};
		841FA267200E252D00642BDD /* Release */ = {
			isa = XCBuildConfiguration;
			baseConfigurationReference = D83B834BBE28C97E27FACAD5 /* Pods-MyTodoey.release.xcconfig */;
			buildSettings = {
				ASSETCATALOG_COMPILER_APPICON_NAME = AppIcon;
				CODE_SIGN_STYLE = Automatic;
				INFOPLIST_FILE = MyTodoey/Info.plist;
				LD_RUNPATH_SEARCH_PATHS = "$(inherited) @executable_path/Frameworks";
				PRODUCT_BUNDLE_IDENTIFIER = com.enokonot.MyTodoey;
				PRODUCT_NAME = "$(TARGET_NAME)";
				SWIFT_VERSION = 4.0;
				TARGETED_DEVICE_FAMILY = "1,2";
			};
			name = Release;
		};
/* End XCBuildConfiguration section */

/* Begin XCConfigurationList section */
		841FA24E200E252D00642BDD /* Build configuration list for PBXProject "MyTodoey" */ = {
			isa = XCConfigurationList;
			buildConfigurations = (
				841FA263200E252D00642BDD /* Debug */,
				841FA264200E252D00642BDD /* Release */,
			);
			defaultConfigurationIsVisible = 0;
			defaultConfigurationName = Release;
		};
		841FA265200E252D00642BDD /* Build configuration list for PBXNativeTarget "MyTodoey" */ = {
			isa = XCConfigurationList;
			buildConfigurations = (
				841FA266200E252D00642BDD /* Debug */,
				841FA267200E252D00642BDD /* Release */,
			);
			defaultConfigurationIsVisible = 0;
			defaultConfigurationName = Release;
		};
/* End XCConfigurationList section */

/* Begin XCVersionGroup section */
		8466311920139C3B002AB001 /* DataModel.xcdatamodeld */ = {
			isa = XCVersionGroup;
			children = (
				8466311A20139C3B002AB001 /* DataModel.xcdatamodel */,
			);
			currentVersion = 8466311A20139C3B002AB001 /* DataModel.xcdatamodel */;
			path = DataModel.xcdatamodeld;
			sourceTree = "<group>";
			versionGroupType = wrapper.xcdatamodel;
		};
/* End XCVersionGroup section */
	};
	rootObject = 841FA24B200E252D00642BDD /* Project object */;
}
